
Microsoft Visual Studio Solution File, Format Version 12.00
# Visual Studio Version 17
VisualStudioVersion = 17.11.35312.102
MinimumVisualStudioVersion = 10.0.40219.1
Project("{FAE04EC0-301F-11D3-BF4B-00C04F79EFBC}") = "Karar_Yapilari_Uygulama2", "Karar_Yapilari_Uygulama2\Karar_Yapilari_Uygulama2.csproj", "{3D9123EE-66A8-4958-8750-24928D6050CF}"
EndProject
Global
	GlobalSection(SolutionConfigurationPlatforms) = preSolution
		Debug|Any CPU = Debug|Any CPU
		Release|Any CPU = Release|Any CPU
	EndGlobalSection
	GlobalSection(ProjectConfigurationPlatforms) = postSolution
		{3D9123EE-66A8-4958-8750-24928D6050CF}.Debug|Any CPU.ActiveCfg = Debug|Any CPU
		{3D9123EE-66A8-4958-8750-24928D6050CF}.Debug|Any CPU.Build.0 = Debug|Any CPU
		{3D9123EE-66A8-4958-8750-24928D6050CF}.Release|Any CPU.ActiveCfg = Release|Any CPU
		{3D9123EE-66A8-4958-8750-24928D6050CF}.Release|Any CPU.Build.0 = Release|Any CPU
	EndGlobalSection
	GlobalSection(SolutionProperties) = preSolution
		HideSolutionNode = FALSE
	EndGlobalSection
	GlobalSection(ExtensibilityGlobals) = postSolution
		SolutionGuid = {E8293524-3C02-4D46-AF8B-275C91331E14}
	EndGlobalSection
EndGlobal
