
Microsoft Visual Studio Solution File, Format Version 12.00
# Visual Studio Version 17
VisualStudioVersion = 17.11.35312.102
MinimumVisualStudioVersion = 10.0.40219.1
Project("{FAE04EC0-301F-11D3-BF4B-00C04F79EFBC}") = "Dizile_foreach_döngü", "Dizile_foreach_döngü\Dizile_foreach_döngü.csproj", "{D3EE01D0-92BB-424D-BE40-26D75A3AFFD9}"
EndProject
Global
	GlobalSection(SolutionConfigurationPlatforms) = preSolution
		Debug|Any CPU = Debug|Any CPU
		Release|Any CPU = Release|Any CPU
	EndGlobalSection
	GlobalSection(ProjectConfigurationPlatforms) = postSolution
		{D3EE01D0-92BB-424D-BE40-26D75A3AFFD9}.Debug|Any CPU.ActiveCfg = Debug|Any CPU
		{D3EE01D0-92BB-424D-BE40-26D75A3AFFD9}.Debug|Any CPU.Build.0 = Debug|Any CPU
		{D3EE01D0-92BB-424D-BE40-26D75A3AFFD9}.Release|Any CPU.ActiveCfg = Release|Any CPU
		{D3EE01D0-92BB-424D-BE40-26D75A3AFFD9}.Release|Any CPU.Build.0 = Release|Any CPU
	EndGlobalSection
	GlobalSection(SolutionProperties) = preSolution
		HideSolutionNode = FALSE
	EndGlobalSection
	GlobalSection(ExtensibilityGlobals) = postSolution
		SolutionGuid = {05DE163B-5761-4CB4-BBAA-61D7AA22502A}
	EndGlobalSection
EndGlobal
