
Microsoft Visual Studio Solution File, Format Version 12.00
# Visual Studio Version 17
VisualStudioVersion = 17.11.35312.102
MinimumVisualStudioVersion = 10.0.40219.1
Project("{FAE04EC0-301F-11D3-BF4B-00C04F79EFBC}") = "Arac_Kullanimlari_Uygulama2", "Arac_Kullanimlari_Uygulama2\Arac_Kullanimlari_Uygulama2.csproj", "{00A04CA7-B36D-40F7-9812-9400DF2C3CFB}"
EndProject
Global
	GlobalSection(SolutionConfigurationPlatforms) = preSolution
		Debug|Any CPU = Debug|Any CPU
		Release|Any CPU = Release|Any CPU
	EndGlobalSection
	GlobalSection(ProjectConfigurationPlatforms) = postSolution
		{00A04CA7-B36D-40F7-9812-9400DF2C3CFB}.Debug|Any CPU.ActiveCfg = Debug|Any CPU
		{00A04CA7-B36D-40F7-9812-9400DF2C3CFB}.Debug|Any CPU.Build.0 = Debug|Any CPU
		{00A04CA7-B36D-40F7-9812-9400DF2C3CFB}.Release|Any CPU.ActiveCfg = Release|Any CPU
		{00A04CA7-B36D-40F7-9812-9400DF2C3CFB}.Release|Any CPU.Build.0 = Release|Any CPU
	EndGlobalSection
	GlobalSection(SolutionProperties) = preSolution
		HideSolutionNode = FALSE
	EndGlobalSection
	GlobalSection(ExtensibilityGlobals) = postSolution
		SolutionGuid = {E50D6827-9413-4A87-8F7F-A0C74007F797}
	EndGlobalSection
EndGlobal
