
Microsoft Visual Studio Solution File, Format Version 12.00
# Visual Studio Version 17
VisualStudioVersion = 17.11.35312.102
MinimumVisualStudioVersion = 10.0.40219.1
Project("{FAE04EC0-301F-11D3-BF4B-00C04F79EFBC}") = "Console3", "Console3\Console3.csproj", "{BA78D42E-4D08-4239-9D51-9EB2D427BA70}"
EndProject
Global
	GlobalSection(SolutionConfigurationPlatforms) = preSolution
		Debug|Any CPU = Debug|Any CPU
		Release|Any CPU = Release|Any CPU
	EndGlobalSection
	GlobalSection(ProjectConfigurationPlatforms) = postSolution
		{BA78D42E-4D08-4239-9D51-9EB2D427BA70}.Debug|Any CPU.ActiveCfg = Debug|Any CPU
		{BA78D42E-4D08-4239-9D51-9EB2D427BA70}.Debug|Any CPU.Build.0 = Debug|Any CPU
		{BA78D42E-4D08-4239-9D51-9EB2D427BA70}.Release|Any CPU.ActiveCfg = Release|Any CPU
		{BA78D42E-4D08-4239-9D51-9EB2D427BA70}.Release|Any CPU.Build.0 = Release|Any CPU
	EndGlobalSection
	GlobalSection(SolutionProperties) = preSolution
		HideSolutionNode = FALSE
	EndGlobalSection
	GlobalSection(ExtensibilityGlobals) = postSolution
		SolutionGuid = {A5685C64-1A65-4570-A987-B1485C10B009}
	EndGlobalSection
EndGlobal
