
Microsoft Visual Studio Solution File, Format Version 12.00
# Visual Studio Version 17
VisualStudioVersion = 17.11.35312.102
MinimumVisualStudioVersion = 10.0.40219.1
Project("{FAE04EC0-301F-11D3-BF4B-00C04F79EFBC}") = "Donguler_progressbar", "Donguler_progressbar\Donguler_progressbar.csproj", "{F68C6A83-B9BD-42C9-AECF-1A9778B4E75E}"
EndProject
Global
	GlobalSection(SolutionConfigurationPlatforms) = preSolution
		Debug|Any CPU = Debug|Any CPU
		Release|Any CPU = Release|Any CPU
	EndGlobalSection
	GlobalSection(ProjectConfigurationPlatforms) = postSolution
		{F68C6A83-B9BD-42C9-AECF-1A9778B4E75E}.Debug|Any CPU.ActiveCfg = Debug|Any CPU
		{F68C6A83-B9BD-42C9-AECF-1A9778B4E75E}.Debug|Any CPU.Build.0 = Debug|Any CPU
		{F68C6A83-B9BD-42C9-AECF-1A9778B4E75E}.Release|Any CPU.ActiveCfg = Release|Any CPU
		{F68C6A83-B9BD-42C9-AECF-1A9778B4E75E}.Release|Any CPU.Build.0 = Release|Any CPU
	EndGlobalSection
	GlobalSection(SolutionProperties) = preSolution
		HideSolutionNode = FALSE
	EndGlobalSection
	GlobalSection(ExtensibilityGlobals) = postSolution
		SolutionGuid = {90921EE1-52F4-4E46-B722-82C48385ED6D}
	EndGlobalSection
EndGlobal
