
Microsoft Visual Studio Solution File, Format Version 12.00
# Visual Studio Version 17
VisualStudioVersion = 17.11.35312.102
MinimumVisualStudioVersion = 10.0.40219.1
Project("{FAE04EC0-301F-11D3-BF4B-00C04F79EFBC}") = "ConsoleApp4", "ConsoleApp4\ConsoleApp4.csproj", "{CEC489ED-6D5C-45DD-B9E9-B48BE74571C5}"
EndProject
Global
	GlobalSection(SolutionConfigurationPlatforms) = preSolution
		Debug|Any CPU = Debug|Any CPU
		Release|Any CPU = Release|Any CPU
	EndGlobalSection
	GlobalSection(ProjectConfigurationPlatforms) = postSolution
		{CEC489ED-6D5C-45DD-B9E9-B48BE74571C5}.Debug|Any CPU.ActiveCfg = Debug|Any CPU
		{CEC489ED-6D5C-45DD-B9E9-B48BE74571C5}.Debug|Any CPU.Build.0 = Debug|Any CPU
		{CEC489ED-6D5C-45DD-B9E9-B48BE74571C5}.Release|Any CPU.ActiveCfg = Release|Any CPU
		{CEC489ED-6D5C-45DD-B9E9-B48BE74571C5}.Release|Any CPU.Build.0 = Release|Any CPU
	EndGlobalSection
	GlobalSection(SolutionProperties) = preSolution
		HideSolutionNode = FALSE
	EndGlobalSection
	GlobalSection(ExtensibilityGlobals) = postSolution
		SolutionGuid = {B7DD43FC-3DFD-4F76-8C01-1EACF4F11460}
	EndGlobalSection
EndGlobal
