
Microsoft Visual Studio Solution File, Format Version 12.00
# Visual Studio Version 17
VisualStudioVersion = 17.11.35312.102
MinimumVisualStudioVersion = 10.0.40219.1
Project("{FAE04EC0-301F-11D3-BF4B-00C04F79EFBC}") = "Degisken_Uygulama1", "Degisken_Uygulama1\Degisken_Uygulama1.csproj", "{F85B6E01-8511-40EC-95A2-5F5145BC0CBA}"
EndProject
Global
	GlobalSection(SolutionConfigurationPlatforms) = preSolution
		Debug|Any CPU = Debug|Any CPU
		Release|Any CPU = Release|Any CPU
	EndGlobalSection
	GlobalSection(ProjectConfigurationPlatforms) = postSolution
		{F85B6E01-8511-40EC-95A2-5F5145BC0CBA}.Debug|Any CPU.ActiveCfg = Debug|Any CPU
		{F85B6E01-8511-40EC-95A2-5F5145BC0CBA}.Debug|Any CPU.Build.0 = Debug|Any CPU
		{F85B6E01-8511-40EC-95A2-5F5145BC0CBA}.Release|Any CPU.ActiveCfg = Release|Any CPU
		{F85B6E01-8511-40EC-95A2-5F5145BC0CBA}.Release|Any CPU.Build.0 = Release|Any CPU
	EndGlobalSection
	GlobalSection(SolutionProperties) = preSolution
		HideSolutionNode = FALSE
	EndGlobalSection
	GlobalSection(ExtensibilityGlobals) = postSolution
		SolutionGuid = {BDA7DB09-732E-417B-A227-D60E296CD4FB}
	EndGlobalSection
EndGlobal
