
Microsoft Visual Studio Solution File, Format Version 12.00
# Visual Studio Version 17
VisualStudioVersion = 17.11.35312.102
MinimumVisualStudioVersion = 10.0.40219.1
Project("{FAE04EC0-301F-11D3-BF4B-00C04F79EFBC}") = "Arac_Kullanimlari_5", "Arac_Kullanimlari_5\Arac_Kullanimlari_5.csproj", "{287A2D45-3575-441D-AA22-210F9DC8DC9C}"
EndProject
Global
	GlobalSection(SolutionConfigurationPlatforms) = preSolution
		Debug|Any CPU = Debug|Any CPU
		Release|Any CPU = Release|Any CPU
	EndGlobalSection
	GlobalSection(ProjectConfigurationPlatforms) = postSolution
		{287A2D45-3575-441D-AA22-210F9DC8DC9C}.Debug|Any CPU.ActiveCfg = Debug|Any CPU
		{287A2D45-3575-441D-AA22-210F9DC8DC9C}.Debug|Any CPU.Build.0 = Debug|Any CPU
		{287A2D45-3575-441D-AA22-210F9DC8DC9C}.Release|Any CPU.ActiveCfg = Release|Any CPU
		{287A2D45-3575-441D-AA22-210F9DC8DC9C}.Release|Any CPU.Build.0 = Release|Any CPU
	EndGlobalSection
	GlobalSection(SolutionProperties) = preSolution
		HideSolutionNode = FALSE
	EndGlobalSection
	GlobalSection(ExtensibilityGlobals) = postSolution
		SolutionGuid = {2ACC51B1-66E5-445E-9428-633656DDAE49}
	EndGlobalSection
EndGlobal
