
Microsoft Visual Studio Solution File, Format Version 12.00
# Visual Studio Version 17
VisualStudioVersion = 17.11.35312.102
MinimumVisualStudioVersion = 10.0.40219.1
Project("{FAE04EC0-301F-11D3-BF4B-00C04F79EFBC}") = "Sinif_kapsulleme", "Sinif_kapsulleme\Sinif_kapsulleme.csproj", "{468B16BA-1342-48D7-BE44-42194BA5BD60}"
EndProject
Global
	GlobalSection(SolutionConfigurationPlatforms) = preSolution
		Debug|Any CPU = Debug|Any CPU
		Release|Any CPU = Release|Any CPU
	EndGlobalSection
	GlobalSection(ProjectConfigurationPlatforms) = postSolution
		{468B16BA-1342-48D7-BE44-42194BA5BD60}.Debug|Any CPU.ActiveCfg = Debug|Any CPU
		{468B16BA-1342-48D7-BE44-42194BA5BD60}.Debug|Any CPU.Build.0 = Debug|Any CPU
		{468B16BA-1342-48D7-BE44-42194BA5BD60}.Release|Any CPU.ActiveCfg = Release|Any CPU
		{468B16BA-1342-48D7-BE44-42194BA5BD60}.Release|Any CPU.Build.0 = Release|Any CPU
	EndGlobalSection
	GlobalSection(SolutionProperties) = preSolution
		HideSolutionNode = FALSE
	EndGlobalSection
	GlobalSection(ExtensibilityGlobals) = postSolution
		SolutionGuid = {7B03DFCD-8D56-4EDE-9928-264ED3934305}
	EndGlobalSection
EndGlobal
